
Microsoft Visual Studio Solution File, Format Version 12.00
# Visual Studio Version 17
VisualStudioVersion = 17.6.33723.286
MinimumVisualStudioVersion = 10.0.40219.1
Project("{FAE04EC0-301F-11D3-BF4B-00C04F79EFBC}") = "WindowsFormsApp3", "WindowsFormsApp3.csproj", "{70679654-CCE5-4306-B8FE-76AD1F0B4BCD}"
EndProject
Global
	GlobalSection(SolutionConfigurationPlatforms) = preSolution
		Debug|Any CPU = Debug|Any CPU
		Release|Any CPU = Release|Any CPU
	EndGlobalSection
	GlobalSection(ProjectConfigurationPlatforms) = postSolution
		{70679654-CCE5-4306-B8FE-76AD1F0B4BCD}.Debug|Any CPU.ActiveCfg = Debug|Any CPU
		{70679654-CCE5-4306-B8FE-76AD1F0B4BCD}.Debug|Any CPU.Build.0 = Debug|Any CPU
		{70679654-CCE5-4306-B8FE-76AD1F0B4BCD}.Release|Any CPU.ActiveCfg = Release|Any CPU
		{70679654-CCE5-4306-B8FE-76AD1F0B4BCD}.Release|Any CPU.Build.0 = Release|Any CPU
	EndGlobalSection
	GlobalSection(SolutionProperties) = preSolution
		HideSolutionNode = FALSE
	EndGlobalSection
	GlobalSection(ExtensibilityGlobals) = postSolution
		SolutionGuid = {77BB70D0-B04E-4A9C-ACF2-E7DFA64DE4F4}
	EndGlobalSection
EndGlobal
